
Microsoft Visual Studio Solution File, Format Version 12.00
# Visual Studio Version 17
VisualStudioVersion = 17.0.31903.59
MinimumVisualStudioVersion = 10.0.40219.1
Project("{FAE04EC0-301F-11D3-BF4B-00C04F79EFBC}") = "SecureInputValidation.App", "SecureInputValidation.App\SecureInputValidation.App.csproj", "{65385F31-A83C-4026-A4DC-03138D7198E8}"
EndProject
Project("{FAE04EC0-301F-11D3-BF4B-00C04F79EFBC}") = "SecureInputValidation.Helpers", "SecureInputValidation.Helpers\SecureInputValidation.Helpers.csproj", "{85A84290-F074-41DB-9196-BC44C61C8846}"
EndProject
Project("{FAE04EC0-301F-11D3-BF4B-00C04F79EFBC}") = "SecureInputValidation.Tests", "SecureInputValidation.Tests\SecureInputValidation.Tests.csproj", "{D88741E1-C2B2-4DC3-A423-C53561467368}"
EndProject
Global
	GlobalSection(SolutionConfigurationPlatforms) = preSolution
		Debug|Any CPU = Debug|Any CPU
		Debug|x64 = Debug|x64
		Debug|x86 = Debug|x86
		Release|Any CPU = Release|Any CPU
		Release|x64 = Release|x64
		Release|x86 = Release|x86
	EndGlobalSection
	GlobalSection(ProjectConfigurationPlatforms) = postSolution
		{65385F31-A83C-4026-A4DC-03138D7198E8}.Debug|Any CPU.ActiveCfg = Debug|Any CPU
		{65385F31-A83C-4026-A4DC-03138D7198E8}.Debug|Any CPU.Build.0 = Debug|Any CPU
		{65385F31-A83C-4026-A4DC-03138D7198E8}.Debug|x64.ActiveCfg = Debug|Any CPU
		{65385F31-A83C-4026-A4DC-03138D7198E8}.Debug|x64.Build.0 = Debug|Any CPU
		{65385F31-A83C-4026-A4DC-03138D7198E8}.Debug|x86.ActiveCfg = Debug|Any CPU
		{65385F31-A83C-4026-A4DC-03138D7198E8}.Debug|x86.Build.0 = Debug|Any CPU
		{65385F31-A83C-4026-A4DC-03138D7198E8}.Release|Any CPU.ActiveCfg = Release|Any CPU
		{65385F31-A83C-4026-A4DC-03138D7198E8}.Release|Any CPU.Build.0 = Release|Any CPU
		{65385F31-A83C-4026-A4DC-03138D7198E8}.Release|x64.ActiveCfg = Release|Any CPU
		{65385F31-A83C-4026-A4DC-03138D7198E8}.Release|x64.Build.0 = Release|Any CPU
		{65385F31-A83C-4026-A4DC-03138D7198E8}.Release|x86.ActiveCfg = Release|Any CPU
		{65385F31-A83C-4026-A4DC-03138D7198E8}.Release|x86.Build.0 = Release|Any CPU
		{85A84290-F074-41DB-9196-BC44C61C8846}.Debug|Any CPU.ActiveCfg = Debug|Any CPU
		{85A84290-F074-41DB-9196-BC44C61C8846}.Debug|Any CPU.Build.0 = Debug|Any CPU
		{85A84290-F074-41DB-9196-BC44C61C8846}.Debug|x64.ActiveCfg = Debug|Any CPU
		{85A84290-F074-41DB-9196-BC44C61C8846}.Debug|x64.Build.0 = Debug|Any CPU
		{85A84290-F074-41DB-9196-BC44C61C8846}.Debug|x86.ActiveCfg = Debug|Any CPU
		{85A84290-F074-41DB-9196-BC44C61C8846}.Debug|x86.Build.0 = Debug|Any CPU
		{85A84290-F074-41DB-9196-BC44C61C8846}.Release|Any CPU.ActiveCfg = Release|Any CPU
		{85A84290-F074-41DB-9196-BC44C61C8846}.Release|Any CPU.Build.0 = Release|Any CPU
		{85A84290-F074-41DB-9196-BC44C61C8846}.Release|x64.ActiveCfg = Release|Any CPU
		{85A84290-F074-41DB-9196-BC44C61C8846}.Release|x64.Build.0 = Release|Any CPU
		{85A84290-F074-41DB-9196-BC44C61C8846}.Release|x86.ActiveCfg = Release|Any CPU
		{85A84290-F074-41DB-9196-BC44C61C8846}.Release|x86.Build.0 = Release|Any CPU
		{D88741E1-C2B2-4DC3-A423-C53561467368}.Debug|Any CPU.ActiveCfg = Debug|Any CPU
		{D88741E1-C2B2-4DC3-A423-C53561467368}.Debug|Any CPU.Build.0 = Debug|Any CPU
		{D88741E1-C2B2-4DC3-A423-C53561467368}.Debug|x64.ActiveCfg = Debug|Any CPU
		{D88741E1-C2B2-4DC3-A423-C53561467368}.Debug|x64.Build.0 = Debug|Any CPU
		{D88741E1-C2B2-4DC3-A423-C53561467368}.Debug|x86.ActiveCfg = Debug|Any CPU
		{D88741E1-C2B2-4DC3-A423-C53561467368}.Debug|x86.Build.0 = Debug|Any CPU
		{D88741E1-C2B2-4DC3-A423-C53561467368}.Release|Any CPU.ActiveCfg = Release|Any CPU
		{D88741E1-C2B2-4DC3-A423-C53561467368}.Release|Any CPU.Build.0 = Release|Any CPU
		{D88741E1-C2B2-4DC3-A423-C53561467368}.Release|x64.ActiveCfg = Release|Any CPU
		{D88741E1-C2B2-4DC3-A423-C53561467368}.Release|x64.Build.0 = Release|Any CPU
		{D88741E1-C2B2-4DC3-A423-C53561467368}.Release|x86.ActiveCfg = Release|Any CPU
		{D88741E1-C2B2-4DC3-A423-C53561467368}.Release|x86.Build.0 = Release|Any CPU
	EndGlobalSection
	GlobalSection(SolutionProperties) = preSolution
		HideSolutionNode = FALSE
	EndGlobalSection
EndGlobal
